
Microsoft Visual Studio Solution File, Format Version 12.00
# Visual Studio 15
VisualStudioVersion = 15.0.27004.2010
MinimumVisualStudioVersion = 10.0.40219.1
Project("{FAE04EC0-301F-11D3-BF4B-00C04F79EFBC}") = "KeyboardOverlapDemo.Android", "KeyboardOverlapDemo\KeyboardOverlapDemo.Android\KeyboardOverlapDemo.Android.csproj", "{D810013D-ABEF-4096-B0D8-D7CB0B836407}"
EndProject
Project("{FAE04EC0-301F-11D3-BF4B-00C04F79EFBC}") = "KeyboardOverlapDemo", "KeyboardOverlapDemo\KeyboardOverlapDemo\KeyboardOverlapDemo.csproj", "{C5CF87D0-E3D2-453C-A17B-31475EA5A954}"
EndProject
Project("{FAE04EC0-301F-11D3-BF4B-00C04F79EFBC}") = "KeyboardOverlapDemo.iOS", "KeyboardOverlapDemo\KeyboardOverlapDemo.iOS\KeyboardOverlapDemo.iOS.csproj", "{53B6F9AA-A8B9-4417-8900-DC2361524AED}"
EndProject
Global
	GlobalSection(SolutionConfigurationPlatforms) = preSolution
		Ad-Hoc|Any CPU = Ad-Hoc|Any CPU
		Ad-Hoc|iPhone = Ad-Hoc|iPhone
		Ad-Hoc|iPhoneSimulator = Ad-Hoc|iPhoneSimulator
		AppStore|Any CPU = AppStore|Any CPU
		AppStore|iPhone = AppStore|iPhone
		AppStore|iPhoneSimulator = AppStore|iPhoneSimulator
		Debug|Any CPU = Debug|Any CPU
		Debug|iPhone = Debug|iPhone
		Debug|iPhoneSimulator = Debug|iPhoneSimulator
		Release|Any CPU = Release|Any CPU
		Release|iPhone = Release|iPhone
		Release|iPhoneSimulator = Release|iPhoneSimulator
	EndGlobalSection
	GlobalSection(ProjectConfigurationPlatforms) = postSolution
		{D810013D-ABEF-4096-B0D8-D7CB0B836407}.Ad-Hoc|Any CPU.ActiveCfg = Release|Any CPU
		{D810013D-ABEF-4096-B0D8-D7CB0B836407}.Ad-Hoc|Any CPU.Build.0 = Release|Any CPU
		{D810013D-ABEF-4096-B0D8-D7CB0B836407}.Ad-Hoc|Any CPU.Deploy.0 = Release|Any CPU
		{D810013D-ABEF-4096-B0D8-D7CB0B836407}.Ad-Hoc|iPhone.ActiveCfg = Release|Any CPU
		{D810013D-ABEF-4096-B0D8-D7CB0B836407}.Ad-Hoc|iPhone.Build.0 = Release|Any CPU
		{D810013D-ABEF-4096-B0D8-D7CB0B836407}.Ad-Hoc|iPhone.Deploy.0 = Release|Any CPU
		{D810013D-ABEF-4096-B0D8-D7CB0B836407}.Ad-Hoc|iPhoneSimulator.ActiveCfg = Release|Any CPU
		{D810013D-ABEF-4096-B0D8-D7CB0B836407}.Ad-Hoc|iPhoneSimulator.Build.0 = Release|Any CPU
		{D810013D-ABEF-4096-B0D8-D7CB0B836407}.Ad-Hoc|iPhoneSimulator.Deploy.0 = Release|Any CPU
		{D810013D-ABEF-4096-B0D8-D7CB0B836407}.AppStore|Any CPU.ActiveCfg = Release|Any CPU
		{D810013D-ABEF-4096-B0D8-D7CB0B836407}.AppStore|Any CPU.Build.0 = Release|Any CPU
		{D810013D-ABEF-4096-B0D8-D7CB0B836407}.AppStore|Any CPU.Deploy.0 = Release|Any CPU
		{D810013D-ABEF-4096-B0D8-D7CB0B836407}.AppStore|iPhone.ActiveCfg = Release|Any CPU
		{D810013D-ABEF-4096-B0D8-D7CB0B836407}.AppStore|iPhone.Build.0 = Release|Any CPU
		{D810013D-ABEF-4096-B0D8-D7CB0B836407}.AppStore|iPhone.Deploy.0 = Release|Any CPU
		{D810013D-ABEF-4096-B0D8-D7CB0B836407}.AppStore|iPhoneSimulator.ActiveCfg = Release|Any CPU
		{D810013D-ABEF-4096-B0D8-D7CB0B836407}.AppStore|iPhoneSimulator.Build.0 = Release|Any CPU
		{D810013D-ABEF-4096-B0D8-D7CB0B836407}.AppStore|iPhoneSimulator.Deploy.0 = Release|Any CPU
		{D810013D-ABEF-4096-B0D8-D7CB0B836407}.Debug|Any CPU.ActiveCfg = Debug|Any CPU
		{D810013D-ABEF-4096-B0D8-D7CB0B836407}.Debug|Any CPU.Build.0 = Debug|Any CPU
		{D810013D-ABEF-4096-B0D8-D7CB0B836407}.Debug|Any CPU.Deploy.0 = Debug|Any CPU
		{D810013D-ABEF-4096-B0D8-D7CB0B836407}.Debug|iPhone.ActiveCfg = Debug|Any CPU
		{D810013D-ABEF-4096-B0D8-D7CB0B836407}.Debug|iPhone.Build.0 = Debug|Any CPU
		{D810013D-ABEF-4096-B0D8-D7CB0B836407}.Debug|iPhone.Deploy.0 = Debug|Any CPU
		{D810013D-ABEF-4096-B0D8-D7CB0B836407}.Debug|iPhoneSimulator.ActiveCfg = Debug|Any CPU
		{D810013D-ABEF-4096-B0D8-D7CB0B836407}.Debug|iPhoneSimulator.Build.0 = Debug|Any CPU
		{D810013D-ABEF-4096-B0D8-D7CB0B836407}.Debug|iPhoneSimulator.Deploy.0 = Debug|Any CPU
		{D810013D-ABEF-4096-B0D8-D7CB0B836407}.Release|Any CPU.ActiveCfg = Release|Any CPU
		{D810013D-ABEF-4096-B0D8-D7CB0B836407}.Release|Any CPU.Build.0 = Release|Any CPU
		{D810013D-ABEF-4096-B0D8-D7CB0B836407}.Release|Any CPU.Deploy.0 = Release|Any CPU
		{D810013D-ABEF-4096-B0D8-D7CB0B836407}.Release|iPhone.ActiveCfg = Release|Any CPU
		{D810013D-ABEF-4096-B0D8-D7CB0B836407}.Release|iPhone.Build.0 = Release|Any CPU
		{D810013D-ABEF-4096-B0D8-D7CB0B836407}.Release|iPhone.Deploy.0 = Release|Any CPU
		{D810013D-ABEF-4096-B0D8-D7CB0B836407}.Release|iPhoneSimulator.ActiveCfg = Release|Any CPU
		{D810013D-ABEF-4096-B0D8-D7CB0B836407}.Release|iPhoneSimulator.Build.0 = Release|Any CPU
		{D810013D-ABEF-4096-B0D8-D7CB0B836407}.Release|iPhoneSimulator.Deploy.0 = Release|Any CPU
		{C5CF87D0-E3D2-453C-A17B-31475EA5A954}.Ad-Hoc|Any CPU.ActiveCfg = Release|Any CPU
		{C5CF87D0-E3D2-453C-A17B-31475EA5A954}.Ad-Hoc|Any CPU.Build.0 = Release|Any CPU
		{C5CF87D0-E3D2-453C-A17B-31475EA5A954}.Ad-Hoc|iPhone.ActiveCfg = Release|Any CPU
		{C5CF87D0-E3D2-453C-A17B-31475EA5A954}.Ad-Hoc|iPhone.Build.0 = Release|Any CPU
		{C5CF87D0-E3D2-453C-A17B-31475EA5A954}.Ad-Hoc|iPhoneSimulator.ActiveCfg = Release|Any CPU
		{C5CF87D0-E3D2-453C-A17B-31475EA5A954}.Ad-Hoc|iPhoneSimulator.Build.0 = Release|Any CPU
		{C5CF87D0-E3D2-453C-A17B-31475EA5A954}.AppStore|Any CPU.ActiveCfg = Release|Any CPU
		{C5CF87D0-E3D2-453C-A17B-31475EA5A954}.AppStore|Any CPU.Build.0 = Release|Any CPU
		{C5CF87D0-E3D2-453C-A17B-31475EA5A954}.AppStore|iPhone.ActiveCfg = Release|Any CPU
		{C5CF87D0-E3D2-453C-A17B-31475EA5A954}.AppStore|iPhone.Build.0 = Release|Any CPU
		{C5CF87D0-E3D2-453C-A17B-31475EA5A954}.AppStore|iPhoneSimulator.ActiveCfg = Release|Any CPU
		{C5CF87D0-E3D2-453C-A17B-31475EA5A954}.AppStore|iPhoneSimulator.Build.0 = Release|Any CPU
		{C5CF87D0-E3D2-453C-A17B-31475EA5A954}.Debug|Any CPU.ActiveCfg = Debug|Any CPU
		{C5CF87D0-E3D2-453C-A17B-31475EA5A954}.Debug|Any CPU.Build.0 = Debug|Any CPU
		{C5CF87D0-E3D2-453C-A17B-31475EA5A954}.Debug|iPhone.ActiveCfg = Debug|Any CPU
		{C5CF87D0-E3D2-453C-A17B-31475EA5A954}.Debug|iPhone.Build.0 = Debug|Any CPU
		{C5CF87D0-E3D2-453C-A17B-31475EA5A954}.Debug|iPhoneSimulator.ActiveCfg = Debug|Any CPU
		{C5CF87D0-E3D2-453C-A17B-31475EA5A954}.Debug|iPhoneSimulator.Build.0 = Debug|Any CPU
		{C5CF87D0-E3D2-453C-A17B-31475EA5A954}.Release|Any CPU.ActiveCfg = Release|Any CPU
		{C5CF87D0-E3D2-453C-A17B-31475EA5A954}.Release|Any CPU.Build.0 = Release|Any CPU
		{C5CF87D0-E3D2-453C-A17B-31475EA5A954}.Release|iPhone.ActiveCfg = Release|Any CPU
		{C5CF87D0-E3D2-453C-A17B-31475EA5A954}.Release|iPhone.Build.0 = Release|Any CPU
		{C5CF87D0-E3D2-453C-A17B-31475EA5A954}.Release|iPhoneSimulator.ActiveCfg = Release|Any CPU
		{C5CF87D0-E3D2-453C-A17B-31475EA5A954}.Release|iPhoneSimulator.Build.0 = Release|Any CPU
		{53B6F9AA-A8B9-4417-8900-DC2361524AED}.Ad-Hoc|Any CPU.ActiveCfg = Ad-Hoc|iPhoneSimulator
		{53B6F9AA-A8B9-4417-8900-DC2361524AED}.Ad-Hoc|iPhone.ActiveCfg = Ad-Hoc|iPhone
		{53B6F9AA-A8B9-4417-8900-DC2361524AED}.Ad-Hoc|iPhone.Build.0 = Ad-Hoc|iPhone
		{53B6F9AA-A8B9-4417-8900-DC2361524AED}.Ad-Hoc|iPhoneSimulator.ActiveCfg = Ad-Hoc|iPhoneSimulator
		{53B6F9AA-A8B9-4417-8900-DC2361524AED}.Ad-Hoc|iPhoneSimulator.Build.0 = Ad-Hoc|iPhoneSimulator
		{53B6F9AA-A8B9-4417-8900-DC2361524AED}.AppStore|Any CPU.ActiveCfg = AppStore|iPhoneSimulator
		{53B6F9AA-A8B9-4417-8900-DC2361524AED}.AppStore|iPhone.ActiveCfg = AppStore|iPhone
		{53B6F9AA-A8B9-4417-8900-DC2361524AED}.AppStore|iPhone.Build.0 = AppStore|iPhone
		{53B6F9AA-A8B9-4417-8900-DC2361524AED}.AppStore|iPhoneSimulator.ActiveCfg = AppStore|iPhoneSimulator
		{53B6F9AA-A8B9-4417-8900-DC2361524AED}.AppStore|iPhoneSimulator.Build.0 = AppStore|iPhoneSimulator
		{53B6F9AA-A8B9-4417-8900-DC2361524AED}.Debug|Any CPU.ActiveCfg = Debug|iPhoneSimulator
		{53B6F9AA-A8B9-4417-8900-DC2361524AED}.Debug|iPhone.ActiveCfg = Debug|iPhone
		{53B6F9AA-A8B9-4417-8900-DC2361524AED}.Debug|iPhone.Build.0 = Debug|iPhone
		{53B6F9AA-A8B9-4417-8900-DC2361524AED}.Debug|iPhoneSimulator.ActiveCfg = Debug|iPhoneSimulator
		{53B6F9AA-A8B9-4417-8900-DC2361524AED}.Debug|iPhoneSimulator.Build.0 = Debug|iPhoneSimulator
		{53B6F9AA-A8B9-4417-8900-DC2361524AED}.Release|Any CPU.ActiveCfg = Release|iPhoneSimulator
		{53B6F9AA-A8B9-4417-8900-DC2361524AED}.Release|iPhone.ActiveCfg = Release|iPhone
		{53B6F9AA-A8B9-4417-8900-DC2361524AED}.Release|iPhone.Build.0 = Release|iPhone
		{53B6F9AA-A8B9-4417-8900-DC2361524AED}.Release|iPhoneSimulator.ActiveCfg = Release|iPhoneSimulator
		{53B6F9AA-A8B9-4417-8900-DC2361524AED}.Release|iPhoneSimulator.Build.0 = Release|iPhoneSimulator
	EndGlobalSection
	GlobalSection(SolutionProperties) = preSolution
		HideSolutionNode = FALSE
	EndGlobalSection
	GlobalSection(ExtensibilityGlobals) = postSolution
		SolutionGuid = {0399B5D7-339A-4482-A2A3-54AD946088FA}
	EndGlobalSection
EndGlobal
